// !$*UTF8*$!
{
	archiveVersion = 1;
	classes = {
	};
	objectVersion = 56;
	objects = {

/* Begin PBXBuildFile section */
		BC74EF282B16C4740094D9EA /* AlbumCellView.swift in Sources */ = {isa = PBXBuildFile; fileRef = BC74EF272B16C4740094D9EA /* AlbumCellView.swift */; };
		BCBC52772B161107001931ED /* AlbumView.swift in Sources */ = {isa = PBXBuildFile; fileRef = BCBC52762B161107001931ED /* AlbumView.swift */; };
		BCE661582AE8A3BF00F57594 /* PhotoDeleteApp.swift in Sources */ = {isa = PBXBuildFile; fileRef = BCE661572AE8A3BF00F57594 /* PhotoDeleteApp.swift */; };
		BCE6615A2AE8A3BF00F57594 /* ContentView.swift in Sources */ = {isa = PBXBuildFile; fileRef = BCE661592AE8A3BF00F57594 /* ContentView.swift */; };
		BCE6615C2AE8A3C000F57594 /* Assets.xcassets in Resources */ = {isa = PBXBuildFile; fileRef = BCE6615B2AE8A3C000F57594 /* Assets.xcassets */; };
		BCE6615F2AE8A3C000F57594 /* Preview Assets.xcassets in Resources */ = {isa = PBXBuildFile; fileRef = BCE6615E2AE8A3C000F57594 /* Preview Assets.xcassets */; };
		BCE661662AE8A6C800F57594 /* PhotoPickerViewModel.swift in Sources */ = {isa = PBXBuildFile; fileRef = BCE661652AE8A6C800F57594 /* PhotoPickerViewModel.swift */; };
		BCE661682AE8DAD300F57594 /* PhotoView.swift in Sources */ = {isa = PBXBuildFile; fileRef = BCE661672AE8DAD300F57594 /* PhotoView.swift */; };
		BCE6616B2AE8EA7900F57594 /* MenuBarView.swift in Sources */ = {isa = PBXBuildFile; fileRef = BCE6616A2AE8EA7900F57594 /* MenuBarView.swift */; };
		BCE661762AE974ED00F57594 /* PreviewView.swift in Sources */ = {isa = PBXBuildFile; fileRef = BCE661752AE974ED00F57594 /* PreviewView.swift */; };
		BCE661782AEB4D3600F57594 /* PhotoAuthorizer.swift in Sources */ = {isa = PBXBuildFile; fileRef = BCE661772AEB4D3600F57594 /* PhotoAuthorizer.swift */; };
		BCE6617A2AEB506C00F57594 /* PhotoAssetExtension.swift in Sources */ = {isa = PBXBuildFile; fileRef = BCE661792AEB506C00F57594 /* PhotoAssetExtension.swift */; };
/* End PBXBuildFile section */

/* Begin PBXFileReference section */
		BC74EF272B16C4740094D9EA /* AlbumCellView.swift */ = {isa = PBXFileReference; lastKnownFileType = sourcecode.swift; path = AlbumCellView.swift; sourceTree = "<group>"; };
		BCBC52762B161107001931ED /* AlbumView.swift */ = {isa = PBXFileReference; lastKnownFileType = sourcecode.swift; path = AlbumView.swift; sourceTree = "<group>"; };
		BCE661542AE8A3BF00F57594 /* PhotoDelete.app */ = {isa = PBXFileReference; explicitFileType = wrapper.application; includeInIndex = 0; path = PhotoDelete.app; sourceTree = BUILT_PRODUCTS_DIR; };
		BCE661572AE8A3BF00F57594 /* PhotoDeleteApp.swift */ = {isa = PBXFileReference; lastKnownFileType = sourcecode.swift; path = PhotoDeleteApp.swift; sourceTree = "<group>"; };
		BCE661592AE8A3BF00F57594 /* ContentView.swift */ = {isa = PBXFileReference; lastKnownFileType = sourcecode.swift; path = ContentView.swift; sourceTree = "<group>"; };
		BCE6615B2AE8A3C000F57594 /* Assets.xcassets */ = {isa = PBXFileReference; lastKnownFileType = folder.assetcatalog; path = Assets.xcassets; sourceTree = "<group>"; };
		BCE6615E2AE8A3C000F57594 /* Preview Assets.xcassets */ = {isa = PBXFileReference; lastKnownFileType = folder.assetcatalog; path = "Preview Assets.xcassets"; sourceTree = "<group>"; };
		BCE661652AE8A6C800F57594 /* PhotoPickerViewModel.swift */ = {isa = PBXFileReference; lastKnownFileType = sourcecode.swift; path = PhotoPickerViewModel.swift; sourceTree = "<group>"; };
		BCE661672AE8DAD300F57594 /* PhotoView.swift */ = {isa = PBXFileReference; lastKnownFileType = sourcecode.swift; path = PhotoView.swift; sourceTree = "<group>"; };
		BCE661692AE8DC0200F57594 /* Info.plist */ = {isa = PBXFileReference; lastKnownFileType = text.plist; path = Info.plist; sourceTree = "<group>"; };
		BCE6616A2AE8EA7900F57594 /* MenuBarView.swift */ = {isa = PBXFileReference; lastKnownFileType = sourcecode.swift; path = MenuBarView.swift; sourceTree = "<group>"; };
		BCE661752AE974ED00F57594 /* PreviewView.swift */ = {isa = PBXFileReference; lastKnownFileType = sourcecode.swift; path = PreviewView.swift; sourceTree = "<group>"; };
		BCE661772AEB4D3600F57594 /* PhotoAuthorizer.swift */ = {isa = PBXFileReference; lastKnownFileType = sourcecode.swift; path = PhotoAuthorizer.swift; sourceTree = "<group>"; };
		BCE661792AEB506C00F57594 /* PhotoAssetExtension.swift */ = {isa = PBXFileReference; lastKnownFileType = sourcecode.swift; path = PhotoAssetExtension.swift; sourceTree = "<group>"; };
/* End PBXFileReference section */

/* Begin PBXFrameworksBuildPhase section */
		BCE661512AE8A3BF00F57594 /* Frameworks */ = {
			isa = PBXFrameworksBuildPhase;
			buildActionMask = 2147483647;
			files = (
			);
			runOnlyForDeploymentPostprocessing = 0;
		};
/* End PBXFrameworksBuildPhase section */

/* Begin PBXGroup section */
		BCE6614B2AE8A3BF00F57594 = {
			isa = PBXGroup;
			children = (
				BCE661562AE8A3BF00F57594 /* PhotoDelete */,
				BCE661552AE8A3BF00F57594 /* Products */,
			);
			sourceTree = "<group>";
		};
		BCE661552AE8A3BF00F57594 /* Products */ = {
			isa = PBXGroup;
			children = (
				BCE661542AE8A3BF00F57594 /* PhotoDelete.app */,
			);
			name = Products;
			sourceTree = "<group>";
		};
		BCE661562AE8A3BF00F57594 /* PhotoDelete */ = {
			isa = PBXGroup;
			children = (
				BCE661572AE8A3BF00F57594 /* PhotoDeleteApp.swift */,
				BCE6616E2AE8EADE00F57594 /* ViewModels */,
				BCE6616D2AE8EACD00F57594 /* Views */,
				BCE661692AE8DC0200F57594 /* Info.plist */,
				BCE6615B2AE8A3C000F57594 /* Assets.xcassets */,
				BCE6615D2AE8A3C000F57594 /* Preview Content */,
			);
			path = PhotoDelete;
			sourceTree = "<group>";
		};
		BCE6615D2AE8A3C000F57594 /* Preview Content */ = {
			isa = PBXGroup;
			children = (
				BCE6615E2AE8A3C000F57594 /* Preview Assets.xcassets */,
			);
			path = "Preview Content";
			sourceTree = "<group>";
		};
		BCE6616D2AE8EACD00F57594 /* Views */ = {
			isa = PBXGroup;
			children = (
				BCE661592AE8A3BF00F57594 /* ContentView.swift */,
				BCBC52762B161107001931ED /* AlbumView.swift */,
				BC74EF272B16C4740094D9EA /* AlbumCellView.swift */,
				BCE661752AE974ED00F57594 /* PreviewView.swift */,
				BCE6616A2AE8EA7900F57594 /* MenuBarView.swift */,
				BCE661672AE8DAD300F57594 /* PhotoView.swift */,
			);
			path = Views;
			sourceTree = "<group>";
		};
		BCE6616E2AE8EADE00F57594 /* ViewModels */ = {
			isa = PBXGroup;
			children = (
				BCE661652AE8A6C800F57594 /* PhotoPickerViewModel.swift */,
				BCE661772AEB4D3600F57594 /* PhotoAuthorizer.swift */,
				BCE661792AEB506C00F57594 /* PhotoAssetExtension.swift */,
			);
			path = ViewModels;
			sourceTree = "<group>";
		};
/* End PBXGroup section */

/* Begin PBXNativeTarget section */
		BCE661532AE8A3BF00F57594 /* PhotoDelete */ = {
			isa = PBXNativeTarget;
			buildConfigurationList = BCE661622AE8A3C000F57594 /* Build configuration list for PBXNativeTarget "PhotoDelete" */;
			buildPhases = (
				BCE661502AE8A3BF00F57594 /* Sources */,
				BCE661512AE8A3BF00F57594 /* Frameworks */,
				BCE661522AE8A3BF00F57594 /* Resources */,
				BC39756D2B1481A20039D102 /* ShellScript */,
			);
			buildRules = (
			);
			dependencies = (
			);
			name = PhotoDelete;
			productName = PhotoDelete;
			productReference = BCE661542AE8A3BF00F57594 /* PhotoDelete.app */;
			productType = "com.apple.product-type.application";
		};
/* End PBXNativeTarget section */

/* Begin PBXProject section */
		BCE6614C2AE8A3BF00F57594 /* Project object */ = {
			isa = PBXProject;
			attributes = {
				BuildIndependentTargetsInParallel = 1;
				LastSwiftUpdateCheck = 1500;
				LastUpgradeCheck = 1500;
				TargetAttributes = {
					BCE661532AE8A3BF00F57594 = {
						CreatedOnToolsVersion = 15.0.1;
					};
				};
			};
			buildConfigurationList = BCE6614F2AE8A3BF00F57594 /* Build configuration list for PBXProject "PhotoDelete" */;
			compatibilityVersion = "Xcode 14.0";
			developmentRegion = en;
			hasScannedForEncodings = 0;
			knownRegions = (
				en,
				Base,
			);
			mainGroup = BCE6614B2AE8A3BF00F57594;
			productRefGroup = BCE661552AE8A3BF00F57594 /* Products */;
			projectDirPath = "";
			projectRoot = "";
			targets = (
				BCE661532AE8A3BF00F57594 /* PhotoDelete */,
			);
		};
/* End PBXProject section */

/* Begin PBXResourcesBuildPhase section */
		BCE661522AE8A3BF00F57594 /* Resources */ = {
			isa = PBXResourcesBuildPhase;
			buildActionMask = 2147483647;
			files = (
				BCE6615F2AE8A3C000F57594 /* Preview Assets.xcassets in Resources */,
				BCE6615C2AE8A3C000F57594 /* Assets.xcassets in Resources */,
			);
			runOnlyForDeploymentPostprocessing = 0;
		};
/* End PBXResourcesBuildPhase section */

/* Begin PBXShellScriptBuildPhase section */
		BC39756D2B1481A20039D102 /* ShellScript */ = {
			isa = PBXShellScriptBuildPhase;
			buildActionMask = 2147483647;
			files = (
			);
			inputFileListPaths = (
			);
			inputPaths = (
			);
			outputFileListPaths = (
			);
			outputPaths = (
			);
			runOnlyForDeploymentPostprocessing = 0;
			shellPath = /bin/sh;
			shellScript = "if which swiftlint >/dev/null; then\n    swiftlint\nelse\n    echo \"warning: Swiftlint not installed, download from https://github.com/realm/SwiftLint\"\nfi\n";
		};
/* End PBXShellScriptBuildPhase section */

/* Begin PBXSourcesBuildPhase section */
		BCE661502AE8A3BF00F57594 /* Sources */ = {
			isa = PBXSourcesBuildPhase;
			buildActionMask = 2147483647;
			files = (
				BCE6615A2AE8A3BF00F57594 /* ContentView.swift in Sources */,
				BCE661582AE8A3BF00F57594 /* PhotoDeleteApp.swift in Sources */,
				BCE661662AE8A6C800F57594 /* PhotoPickerViewModel.swift in Sources */,
				BCBC52772B161107001931ED /* AlbumView.swift in Sources */,
				BCE6617A2AEB506C00F57594 /* PhotoAssetExtension.swift in Sources */,
				BCE661682AE8DAD300F57594 /* PhotoView.swift in Sources */,
				BC74EF282B16C4740094D9EA /* AlbumCellView.swift in Sources */,
				BCE6616B2AE8EA7900F57594 /* MenuBarView.swift in Sources */,
				BCE661762AE974ED00F57594 /* PreviewView.swift in Sources */,
				BCE661782AEB4D3600F57594 /* PhotoAuthorizer.swift in Sources */,
			);
			runOnlyForDeploymentPostprocessing = 0;
		};
/* End PBXSourcesBuildPhase section */

/* Begin XCBuildConfiguration section */
		BCE661602AE8A3C000F57594 /* Debug */ = {
			isa = XCBuildConfiguration;
			buildSettings = {
				ALWAYS_SEARCH_USER_PATHS = NO;
				ASSETCATALOG_COMPILER_GENERATE_SWIFT_ASSET_SYMBOL_EXTENSIONS = YES;
				CLANG_ANALYZER_NONNULL = YES;
				CLANG_ANALYZER_NUMBER_OBJECT_CONVERSION = YES_AGGRESSIVE;
				CLANG_CXX_LANGUAGE_STANDARD = "gnu++20";
				CLANG_ENABLE_MODULES = YES;
				CLANG_ENABLE_OBJC_ARC = YES;
				CLANG_ENABLE_OBJC_WEAK = YES;
				CLANG_WARN_BLOCK_CAPTURE_AUTORELEASING = YES;
				CLANG_WARN_BOOL_CONVERSION = YES;
				CLANG_WARN_COMMA = YES;
				CLANG_WARN_CONSTANT_CONVERSION = YES;
				CLANG_WARN_DEPRECATED_OBJC_IMPLEMENTATIONS = YES;
				CLANG_WARN_DIRECT_OBJC_ISA_USAGE = YES_ERROR;
				CLANG_WARN_DOCUMENTATION_COMMENTS = YES;
				CLANG_WARN_EMPTY_BODY = YES;
				CLANG_WARN_ENUM_CONVERSION = YES;
				CLANG_WARN_INFINITE_RECURSION = YES;
				CLANG_WARN_INT_CONVERSION = YES;
				CLANG_WARN_NON_LITERAL_NULL_CONVERSION = YES;
				CLANG_WARN_OBJC_IMPLICIT_RETAIN_SELF = YES;
				CLANG_WARN_OBJC_LITERAL_CONVERSION = YES;
				CLANG_WARN_OBJC_ROOT_CLASS = YES_ERROR;
				CLANG_WARN_QUOTED_INCLUDE_IN_FRAMEWORK_HEADER = YES;
				CLANG_WARN_RANGE_LOOP_ANALYSIS = YES;
				CLANG_WARN_STRICT_PROTOTYPES = YES;
				CLANG_WARN_SUSPICIOUS_MOVE = YES;
				CLANG_WARN_UNGUARDED_AVAILABILITY = YES_AGGRESSIVE;
				CLANG_WARN_UNREACHABLE_CODE = YES;
				CLANG_WARN__DUPLICATE_METHOD_MATCH = YES;
				COPY_PHASE_STRIP = NO;
				DEBUG_INFORMATION_FORMAT = dwarf;
				ENABLE_STRICT_OBJC_MSGSEND = YES;
				ENABLE_TESTABILITY = YES;
				ENABLE_USER_SCRIPT_SANDBOXING = NO;
				GCC_C_LANGUAGE_STANDARD = gnu17;
				GCC_DYNAMIC_NO_PIC = NO;
				GCC_NO_COMMON_BLOCKS = YES;
				GCC_OPTIMIZATION_LEVEL = 0;
				GCC_PREPROCESSOR_DEFINITIONS = (
					"DEBUG=1",
					"$(inherited)",
				);
				GCC_WARN_64_TO_32_BIT_CONVERSION = YES;
				GCC_WARN_ABOUT_RETURN_TYPE = YES_ERROR;
				GCC_WARN_UNDECLARED_SELECTOR = YES;
				GCC_WARN_UNINITIALIZED_AUTOS = YES_AGGRESSIVE;
				GCC_WARN_UNUSED_FUNCTION = YES;
				GCC_WARN_UNUSED_VARIABLE = YES;
				IPHONEOS_DEPLOYMENT_TARGET = 17.0;
				LOCALIZATION_PREFERS_STRING_CATALOGS = YES;
				MTL_ENABLE_DEBUG_INFO = INCLUDE_SOURCE;
				MTL_FAST_MATH = YES;
				ONLY_ACTIVE_ARCH = YES;
				SDKROOT = iphoneos;
				SWIFT_ACTIVE_COMPILATION_CONDITIONS = "DEBUG $(inherited)";
				SWIFT_OPTIMIZATION_LEVEL = "-Onone";
			};
			name = Debug;
		};
		BCE661612AE8A3C000F57594 /* Release */ = {
			isa = XCBuildConfiguration;
			buildSettings = {
				ALWAYS_SEARCH_USER_PATHS = NO;
				ASSETCATALOG_COMPILER_GENERATE_SWIFT_ASSET_SYMBOL_EXTENSIONS = YES;
				CLANG_ANALYZER_NONNULL = YES;
				CLANG_ANALYZER_NUMBER_OBJECT_CONVERSION = YES_AGGRESSIVE;
				CLANG_CXX_LANGUAGE_STANDARD = "gnu++20";
				CLANG_ENABLE_MODULES = YES;
				CLANG_ENABLE_OBJC_ARC = YES;
				CLANG_ENABLE_OBJC_WEAK = YES;
				CLANG_WARN_BLOCK_CAPTURE_AUTORELEASING = YES;
				CLANG_WARN_BOOL_CONVERSION = YES;
				CLANG_WARN_COMMA = YES;
				CLANG_WARN_CONSTANT_CONVERSION = YES;
				CLANG_WARN_DEPRECATED_OBJC_IMPLEMENTATIONS = YES;
				CLANG_WARN_DIRECT_OBJC_ISA_USAGE = YES_ERROR;
				CLANG_WARN_DOCUMENTATION_COMMENTS = YES;
				CLANG_WARN_EMPTY_BODY = YES;
				CLANG_WARN_ENUM_CONVERSION = YES;
				CLANG_WARN_INFINITE_RECURSION = YES;
				CLANG_WARN_INT_CONVERSION = YES;
				CLANG_WARN_NON_LITERAL_NULL_CONVERSION = YES;
				CLANG_WARN_OBJC_IMPLICIT_RETAIN_SELF = YES;
				CLANG_WARN_OBJC_LITERAL_CONVERSION = YES;
				CLANG_WARN_OBJC_ROOT_CLASS = YES_ERROR;
				CLANG_WARN_QUOTED_INCLUDE_IN_FRAMEWORK_HEADER = YES;
				CLANG_WARN_RANGE_LOOP_ANALYSIS = YES;
				CLANG_WARN_STRICT_PROTOTYPES = YES;
				CLANG_WARN_SUSPICIOUS_MOVE = YES;
				CLANG_WARN_UNGUARDED_AVAILABILITY = YES_AGGRESSIVE;
				CLANG_WARN_UNREACHABLE_CODE = YES;
				CLANG_WARN__DUPLICATE_METHOD_MATCH = YES;
				COPY_PHASE_STRIP = NO;
				DEBUG_INFORMATION_FORMAT = "dwarf-with-dsym";
				ENABLE_NS_ASSERTIONS = NO;
				ENABLE_STRICT_OBJC_MSGSEND = YES;
				ENABLE_USER_SCRIPT_SANDBOXING = NO;
				GCC_C_LANGUAGE_STANDARD = gnu17;
				GCC_NO_COMMON_BLOCKS = YES;
				GCC_WARN_64_TO_32_BIT_CONVERSION = YES;
				GCC_WARN_ABOUT_RETURN_TYPE = YES_ERROR;
				GCC_WARN_UNDECLARED_SELECTOR = YES;
				GCC_WARN_UNINITIALIZED_AUTOS = YES_AGGRESSIVE;
				GCC_WARN_UNUSED_FUNCTION = YES;
				GCC_WARN_UNUSED_VARIABLE = YES;
				IPHONEOS_DEPLOYMENT_TARGET = 17.0;
				LOCALIZATION_PREFERS_STRING_CATALOGS = YES;
				MTL_ENABLE_DEBUG_INFO = NO;
				MTL_FAST_MATH = YES;
				SDKROOT = iphoneos;
				SWIFT_COMPILATION_MODE = wholemodule;
				VALIDATE_PRODUCT = YES;
			};
			name = Release;
		};
		BCE661632AE8A3C000F57594 /* Debug */ = {
			isa = XCBuildConfiguration;
			buildSettings = {
				ASSETCATALOG_COMPILER_APPICON_NAME = AppIcon;
				ASSETCATALOG_COMPILER_GLOBAL_ACCENT_COLOR_NAME = AccentColor;
				CODE_SIGN_STYLE = Automatic;
				CURRENT_PROJECT_VERSION = 1;
				DEVELOPMENT_ASSET_PATHS = "\"PhotoDelete/Preview Content\"";
				DEVELOPMENT_TEAM = 9KDGMWC6WT;
				ENABLE_PREVIEWS = YES;
				GENERATE_INFOPLIST_FILE = YES;
				INFOPLIST_FILE = PhotoDelete/Info.plist;
				INFOPLIST_KEY_NSPhotoLibraryUsageDescription = "Access to Photo Library";
				INFOPLIST_KEY_UIApplicationSceneManifest_Generation = YES;
				INFOPLIST_KEY_UIApplicationSupportsIndirectInputEvents = YES;
				INFOPLIST_KEY_UILaunchScreen_Generation = YES;
				INFOPLIST_KEY_UISupportedInterfaceOrientations_iPad = "UIInterfaceOrientationPortrait UIInterfaceOrientationPortraitUpsideDown UIInterfaceOrientationLandscapeLeft UIInterfaceOrientationLandscapeRight";
				INFOPLIST_KEY_UISupportedInterfaceOrientations_iPhone = "UIInterfaceOrientationPortrait UIInterfaceOrientationLandscapeLeft UIInterfaceOrientationLandscapeRight";
				LD_RUNPATH_SEARCH_PATHS = (
					"$(inherited)",
					"@executable_path/Frameworks",
				);
				MARKETING_VERSION = 1.0;
				PRODUCT_BUNDLE_IDENTIFIER = com.sukipat.PhotoDelete;
				PRODUCT_NAME = "$(TARGET_NAME)";
				SWIFT_EMIT_LOC_STRINGS = YES;
				SWIFT_VERSION = 5.0;
				TARGETED_DEVICE_FAMILY = "1,2";
			};
			name = Debug;
		};
		BCE661642AE8A3C000F57594 /* Release */ = {
			isa = XCBuildConfiguration;
			buildSettings = {
				ASSETCATALOG_COMPILER_APPICON_NAME = AppIcon;
				ASSETCATALOG_COMPILER_GLOBAL_ACCENT_COLOR_NAME = AccentColor;
				CODE_SIGN_STYLE = Automatic;
				CURRENT_PROJECT_VERSION = 1;
				DEVELOPMENT_ASSET_PATHS = "\"PhotoDelete/Preview Content\"";
				DEVELOPMENT_TEAM = 9KDGMWC6WT;
				ENABLE_PREVIEWS = YES;
				GENERATE_INFOPLIST_FILE = YES;
				INFOPLIST_FILE = PhotoDelete/Info.plist;
				INFOPLIST_KEY_NSPhotoLibraryUsageDescription = "Access to Photo Library";
				INFOPLIST_KEY_UIApplicationSceneManifest_Generation = YES;
				INFOPLIST_KEY_UIApplicationSupportsIndirectInputEvents = YES;
				INFOPLIST_KEY_UILaunchScreen_Generation = YES;
				INFOPLIST_KEY_UISupportedInterfaceOrientations_iPad = "UIInterfaceOrientationPortrait UIInterfaceOrientationPortraitUpsideDown UIInterfaceOrientationLandscapeLeft UIInterfaceOrientationLandscapeRight";
				INFOPLIST_KEY_UISupportedInterfaceOrientations_iPhone = "UIInterfaceOrientationPortrait UIInterfaceOrientationLandscapeLeft UIInterfaceOrientationLandscapeRight";
				LD_RUNPATH_SEARCH_PATHS = (
					"$(inherited)",
					"@executable_path/Frameworks",
				);
				MARKETING_VERSION = 1.0;
				PRODUCT_BUNDLE_IDENTIFIER = com.sukipat.PhotoDelete;
				PRODUCT_NAME = "$(TARGET_NAME)";
				SWIFT_EMIT_LOC_STRINGS = YES;
				SWIFT_VERSION = 5.0;
				TARGETED_DEVICE_FAMILY = "1,2";
			};
			name = Release;
		};
/* End XCBuildConfiguration section */

/* Begin XCConfigurationList section */
		BCE6614F2AE8A3BF00F57594 /* Build configuration list for PBXProject "PhotoDelete" */ = {
			isa = XCConfigurationList;
			buildConfigurations = (
				BCE661602AE8A3C000F57594 /* Debug */,
				BCE661612AE8A3C000F57594 /* Release */,
			);
			defaultConfigurationIsVisible = 0;
			defaultConfigurationName = Release;
		};
		BCE661622AE8A3C000F57594 /* Build configuration list for PBXNativeTarget "PhotoDelete" */ = {
			isa = XCConfigurationList;
			buildConfigurations = (
				BCE661632AE8A3C000F57594 /* Debug */,
				BCE661642AE8A3C000F57594 /* Release */,
			);
			defaultConfigurationIsVisible = 0;
			defaultConfigurationName = Release;
		};
/* End XCConfigurationList section */
	};
	rootObject = BCE6614C2AE8A3BF00F57594 /* Project object */;
}
